
Microsoft Visual Studio Solution File, Format Version 12.00
# Visual Studio Version 17
VisualStudioVersion = 17.14.36301.6 d17.14
MinimumVisualStudioVersion = 10.0.40219.1
Project("{FAE04EC0-301F-11D3-BF4B-00C04F79EFBC}") = "MainAPI", "MainAPI\MainAPI.csproj", "{7BD6FDE0-F32D-4B76-BF95-7B16931B5BE8}"
EndProject
Global
	GlobalSection(SolutionConfigurationPlatforms) = preSolution
		Debug|Any CPU = Debug|Any CPU
		Release|Any CPU = Release|Any CPU
	EndGlobalSection
	GlobalSection(ProjectConfigurationPlatforms) = postSolution
		{7BD6FDE0-F32D-4B76-BF95-7B16931B5BE8}.Debug|Any CPU.ActiveCfg = Debug|Any CPU
		{7BD6FDE0-F32D-4B76-BF95-7B16931B5BE8}.Debug|Any CPU.Build.0 = Debug|Any CPU
		{7BD6FDE0-F32D-4B76-BF95-7B16931B5BE8}.Release|Any CPU.ActiveCfg = Release|Any CPU
		{7BD6FDE0-F32D-4B76-BF95-7B16931B5BE8}.Release|Any CPU.Build.0 = Release|Any CPU
	EndGlobalSection
	GlobalSection(SolutionProperties) = preSolution
		HideSolutionNode = FALSE
	EndGlobalSection
	GlobalSection(ExtensibilityGlobals) = postSolution
		SolutionGuid = {D7A208A9-5BDB-46C9-9B38-3F650827D4CA}
	EndGlobalSection
EndGlobal
